
Microsoft Visual Studio Solution File, Format Version 12.00
# Visual Studio Version 16
VisualStudioVersion = 16.0.31515.178
MinimumVisualStudioVersion = 10.0.40219.1
Project("{FAE04EC0-301F-11D3-BF4B-00C04F79EFBC}") = "ClothBazar.Web", "ClothBazar.Web\ClothBazar.Web.csproj", "{9E354C4F-E1FF-4193-83A9-4E3F2877F64A}"
EndProject
Project("{FAE04EC0-301F-11D3-BF4B-00C04F79EFBC}") = "ClothBazar.Web.Tests", "ClothBazar.Web.Tests\ClothBazar.Web.Tests.csproj", "{67461645-BAEC-4458-AD98-CEBC6E7B80CE}"
EndProject
Global
	GlobalSection(SolutionConfigurationPlatforms) = preSolution
		Debug|Any CPU = Debug|Any CPU
		Release|Any CPU = Release|Any CPU
	EndGlobalSection
	GlobalSection(ProjectConfigurationPlatforms) = postSolution
		{9E354C4F-E1FF-4193-83A9-4E3F2877F64A}.Debug|Any CPU.ActiveCfg = Debug|Any CPU
		{9E354C4F-E1FF-4193-83A9-4E3F2877F64A}.Debug|Any CPU.Build.0 = Debug|Any CPU
		{9E354C4F-E1FF-4193-83A9-4E3F2877F64A}.Release|Any CPU.ActiveCfg = Release|Any CPU
		{9E354C4F-E1FF-4193-83A9-4E3F2877F64A}.Release|Any CPU.Build.0 = Release|Any CPU
		{67461645-BAEC-4458-AD98-CEBC6E7B80CE}.Debug|Any CPU.ActiveCfg = Debug|Any CPU
		{67461645-BAEC-4458-AD98-CEBC6E7B80CE}.Debug|Any CPU.Build.0 = Debug|Any CPU
		{67461645-BAEC-4458-AD98-CEBC6E7B80CE}.Release|Any CPU.ActiveCfg = Release|Any CPU
		{67461645-BAEC-4458-AD98-CEBC6E7B80CE}.Release|Any CPU.Build.0 = Release|Any CPU
	EndGlobalSection
	GlobalSection(SolutionProperties) = preSolution
		HideSolutionNode = FALSE
	EndGlobalSection
	GlobalSection(ExtensibilityGlobals) = postSolution
		SolutionGuid = {4E3498AD-794F-4729-9618-B815EDCD06C3}
	EndGlobalSection
EndGlobal
